// !$*UTF8*$!
{
	archiveVersion = 1;
	classes = {
	};
	objectVersion = 56;
	objects = {

/* Begin PBXBuildFile section */
		7D3FAC4D2B669FAF0069CA15 /* AppDelegate.swift in Sources */ = {isa = PBXBuildFile; fileRef = 7D3FAC4C2B669FAF0069CA15 /* AppDelegate.swift */; };
		7D3FAC4F2B669FAF0069CA15 /* SceneDelegate.swift in Sources */ = {isa = PBXBuildFile; fileRef = 7D3FAC4E2B669FAF0069CA15 /* SceneDelegate.swift */; };
		7D3FAC562B669FB10069CA15 /* Assets.xcassets in Resources */ = {isa = PBXBuildFile; fileRef = 7D3FAC552B669FB10069CA15 /* Assets.xcassets */; };
		7D3FAC592B669FB10069CA15 /* LaunchScreen.storyboard in Resources */ = {isa = PBXBuildFile; fileRef = 7D3FAC572B669FB10069CA15 /* LaunchScreen.storyboard */; };
		7D3FAC672B66A0820069CA15 /* ViewModel.swift in Sources */ = {isa = PBXBuildFile; fileRef = 7D3FAC662B66A0820069CA15 /* ViewModel.swift */; };
		7D3FAC692B66A0FA0069CA15 /* Coordinator.swift in Sources */ = {isa = PBXBuildFile; fileRef = 7D3FAC682B66A0FA0069CA15 /* Coordinator.swift */; };
		7D3FAC6B2B66A2080069CA15 /* Constants.swift in Sources */ = {isa = PBXBuildFile; fileRef = 7D3FAC6A2B66A2080069CA15 /* Constants.swift */; };
		7D3FAC6E2B66A32B0069CA15 /* AppCoordinator.swift in Sources */ = {isa = PBXBuildFile; fileRef = 7D3FAC6D2B66A32B0069CA15 /* AppCoordinator.swift */; };
		7D3FAC712B66A4DA0069CA15 /* LoginView.swift in Sources */ = {isa = PBXBuildFile; fileRef = 7D3FAC702B66A4DA0069CA15 /* LoginView.swift */; };
		7D3FAC732B66A4E30069CA15 /* LoginViewModel.swift in Sources */ = {isa = PBXBuildFile; fileRef = 7D3FAC722B66A4E30069CA15 /* LoginViewModel.swift */; };
		7D3FAC752B66A4EB0069CA15 /* LoginRouter.swift in Sources */ = {isa = PBXBuildFile; fileRef = 7D3FAC742B66A4EB0069CA15 /* LoginRouter.swift */; };
		7D3FAC792B66A61F0069CA15 /* String+Extension.swift in Sources */ = {isa = PBXBuildFile; fileRef = 7D3FAC782B66A61F0069CA15 /* String+Extension.swift */; };
		7D3FAC7B2B66A6370069CA15 /* Date+Extension.swift in Sources */ = {isa = PBXBuildFile; fileRef = 7D3FAC7A2B66A6370069CA15 /* Date+Extension.swift */; };
		7D3FAC7D2B66A69A0069CA15 /* PicturePicker.swift in Sources */ = {isa = PBXBuildFile; fileRef = 7D3FAC7C2B66A69A0069CA15 /* PicturePicker.swift */; };
		7D3FAC7F2B66A8560069CA15 /* UserDefaults+Extension.swift in Sources */ = {isa = PBXBuildFile; fileRef = 7D3FAC7E2B66A8560069CA15 /* UserDefaults+Extension.swift */; };
		7D3FAC822B66A8670069CA15 /* Baby.swift in Sources */ = {isa = PBXBuildFile; fileRef = 7D3FAC812B66A8670069CA15 /* Baby.swift */; };
		7D3FAC842B66AA960069CA15 /* CameraView.swift in Sources */ = {isa = PBXBuildFile; fileRef = 7D3FAC832B66AA960069CA15 /* CameraView.swift */; };
		7D3FAC872B66ABE60069CA15 /* BirthdayViewModel.swift in Sources */ = {isa = PBXBuildFile; fileRef = 7D3FAC862B66ABE60069CA15 /* BirthdayViewModel.swift */; };
		7D3FAC892B66AC0E0069CA15 /* BirthdayRouter.swift in Sources */ = {isa = PBXBuildFile; fileRef = 7D3FAC882B66AC0E0069CA15 /* BirthdayRouter.swift */; };
		7D3FAC8B2B66ACE00069CA15 /* BirthdayTheme.swift in Sources */ = {isa = PBXBuildFile; fileRef = 7D3FAC8A2B66ACE00069CA15 /* BirthdayTheme.swift */; };
		7D3FAC8D2B66ACFF0069CA15 /* BirthdayViewController.swift in Sources */ = {isa = PBXBuildFile; fileRef = 7D3FAC8C2B66ACFF0069CA15 /* BirthdayViewController.swift */; };
		7D3FAC8F2B66AD0B0069CA15 /* BirthdayViewController.storyboard in Resources */ = {isa = PBXBuildFile; fileRef = 7D3FAC8E2B66AD0B0069CA15 /* BirthdayViewController.storyboard */; };
		7D3FAC912B66AF000069CA15 /* BirthdayFactory.swift in Sources */ = {isa = PBXBuildFile; fileRef = 7D3FAC902B66AF000069CA15 /* BirthdayFactory.swift */; };
		7D3FAC952B66D3E30069CA15 /* CircleImageView.swift in Sources */ = {isa = PBXBuildFile; fileRef = 7D3FAC942B66D3E30069CA15 /* CircleImageView.swift */; };
/* End PBXBuildFile section */

/* Begin PBXFileReference section */
		7D3FAC492B669FAF0069CA15 /* BirthdayAssignment.app */ = {isa = PBXFileReference; explicitFileType = wrapper.application; includeInIndex = 0; path = BirthdayAssignment.app; sourceTree = BUILT_PRODUCTS_DIR; };
		7D3FAC4C2B669FAF0069CA15 /* AppDelegate.swift */ = {isa = PBXFileReference; lastKnownFileType = sourcecode.swift; path = AppDelegate.swift; sourceTree = "<group>"; };
		7D3FAC4E2B669FAF0069CA15 /* SceneDelegate.swift */ = {isa = PBXFileReference; lastKnownFileType = sourcecode.swift; path = SceneDelegate.swift; sourceTree = "<group>"; };
		7D3FAC552B669FB10069CA15 /* Assets.xcassets */ = {isa = PBXFileReference; lastKnownFileType = folder.assetcatalog; path = Assets.xcassets; sourceTree = "<group>"; };
		7D3FAC582B669FB10069CA15 /* Base */ = {isa = PBXFileReference; lastKnownFileType = file.storyboard; name = Base; path = Base.lproj/LaunchScreen.storyboard; sourceTree = "<group>"; };
		7D3FAC5A2B669FB10069CA15 /* Info.plist */ = {isa = PBXFileReference; lastKnownFileType = text.plist.xml; path = Info.plist; sourceTree = "<group>"; };
		7D3FAC662B66A0820069CA15 /* ViewModel.swift */ = {isa = PBXFileReference; lastKnownFileType = sourcecode.swift; path = ViewModel.swift; sourceTree = "<group>"; };
		7D3FAC682B66A0FA0069CA15 /* Coordinator.swift */ = {isa = PBXFileReference; lastKnownFileType = sourcecode.swift; path = Coordinator.swift; sourceTree = "<group>"; };
		7D3FAC6A2B66A2080069CA15 /* Constants.swift */ = {isa = PBXFileReference; lastKnownFileType = sourcecode.swift; path = Constants.swift; sourceTree = "<group>"; };
		7D3FAC6D2B66A32B0069CA15 /* AppCoordinator.swift */ = {isa = PBXFileReference; lastKnownFileType = sourcecode.swift; path = AppCoordinator.swift; sourceTree = "<group>"; };
		7D3FAC702B66A4DA0069CA15 /* LoginView.swift */ = {isa = PBXFileReference; lastKnownFileType = sourcecode.swift; path = LoginView.swift; sourceTree = "<group>"; };
		7D3FAC722B66A4E30069CA15 /* LoginViewModel.swift */ = {isa = PBXFileReference; lastKnownFileType = sourcecode.swift; path = LoginViewModel.swift; sourceTree = "<group>"; };
		7D3FAC742B66A4EB0069CA15 /* LoginRouter.swift */ = {isa = PBXFileReference; lastKnownFileType = sourcecode.swift; path = LoginRouter.swift; sourceTree = "<group>"; };
		7D3FAC782B66A61F0069CA15 /* String+Extension.swift */ = {isa = PBXFileReference; lastKnownFileType = sourcecode.swift; path = "String+Extension.swift"; sourceTree = "<group>"; };
		7D3FAC7A2B66A6370069CA15 /* Date+Extension.swift */ = {isa = PBXFileReference; lastKnownFileType = sourcecode.swift; path = "Date+Extension.swift"; sourceTree = "<group>"; };
		7D3FAC7C2B66A69A0069CA15 /* PicturePicker.swift */ = {isa = PBXFileReference; lastKnownFileType = sourcecode.swift; path = PicturePicker.swift; sourceTree = "<group>"; };
		7D3FAC7E2B66A8560069CA15 /* UserDefaults+Extension.swift */ = {isa = PBXFileReference; lastKnownFileType = sourcecode.swift; path = "UserDefaults+Extension.swift"; sourceTree = "<group>"; };
		7D3FAC812B66A8670069CA15 /* Baby.swift */ = {isa = PBXFileReference; lastKnownFileType = sourcecode.swift; path = Baby.swift; sourceTree = "<group>"; };
		7D3FAC832B66AA960069CA15 /* CameraView.swift */ = {isa = PBXFileReference; lastKnownFileType = sourcecode.swift; path = CameraView.swift; sourceTree = "<group>"; };
		7D3FAC862B66ABE60069CA15 /* BirthdayViewModel.swift */ = {isa = PBXFileReference; lastKnownFileType = sourcecode.swift; path = BirthdayViewModel.swift; sourceTree = "<group>"; };
		7D3FAC882B66AC0E0069CA15 /* BirthdayRouter.swift */ = {isa = PBXFileReference; lastKnownFileType = sourcecode.swift; path = BirthdayRouter.swift; sourceTree = "<group>"; };
		7D3FAC8A2B66ACE00069CA15 /* BirthdayTheme.swift */ = {isa = PBXFileReference; lastKnownFileType = sourcecode.swift; path = BirthdayTheme.swift; sourceTree = "<group>"; };
		7D3FAC8C2B66ACFF0069CA15 /* BirthdayViewController.swift */ = {isa = PBXFileReference; lastKnownFileType = sourcecode.swift; path = BirthdayViewController.swift; sourceTree = "<group>"; };
		7D3FAC8E2B66AD0B0069CA15 /* BirthdayViewController.storyboard */ = {isa = PBXFileReference; lastKnownFileType = file.storyboard; path = BirthdayViewController.storyboard; sourceTree = "<group>"; };
		7D3FAC902B66AF000069CA15 /* BirthdayFactory.swift */ = {isa = PBXFileReference; lastKnownFileType = sourcecode.swift; path = BirthdayFactory.swift; sourceTree = "<group>"; };
		7D3FAC942B66D3E30069CA15 /* CircleImageView.swift */ = {isa = PBXFileReference; lastKnownFileType = sourcecode.swift; path = CircleImageView.swift; sourceTree = "<group>"; };
/* End PBXFileReference section */

/* Begin PBXFrameworksBuildPhase section */
		7D3FAC462B669FAF0069CA15 /* Frameworks */ = {
			isa = PBXFrameworksBuildPhase;
			buildActionMask = 2147483647;
			files = (
			);
			runOnlyForDeploymentPostprocessing = 0;
		};
/* End PBXFrameworksBuildPhase section */

/* Begin PBXGroup section */
		7D3FAC402B669FAF0069CA15 = {
			isa = PBXGroup;
			children = (
				7D3FAC4B2B669FAF0069CA15 /* BirthdayAssignment */,
				7D3FAC4A2B669FAF0069CA15 /* Products */,
			);
			sourceTree = "<group>";
		};
		7D3FAC4A2B669FAF0069CA15 /* Products */ = {
			isa = PBXGroup;
			children = (
				7D3FAC492B669FAF0069CA15 /* BirthdayAssignment.app */,
			);
			name = Products;
			sourceTree = "<group>";
		};
		7D3FAC4B2B669FAF0069CA15 /* BirthdayAssignment */ = {
			isa = PBXGroup;
			children = (
				7D3FAC602B669FF10069CA15 /* Base */,
				7D3FAC802B66A85F0069CA15 /* Model */,
				7D3FAC622B66A0000069CA15 /* Modules */,
				7D3FAC612B669FF60069CA15 /* Resources */,
				7D3FAC632B66A0050069CA15 /* Utility */,
				7D3FAC642B66A00C0069CA15 /* Views */,
			);
			path = BirthdayAssignment;
			sourceTree = "<group>";
		};
		7D3FAC602B669FF10069CA15 /* Base */ = {
			isa = PBXGroup;
			children = (
				7D3FAC5A2B669FB10069CA15 /* Info.plist */,
				7D3FAC4C2B669FAF0069CA15 /* AppDelegate.swift */,
				7D3FAC4E2B669FAF0069CA15 /* SceneDelegate.swift */,
				7D3FAC6D2B66A32B0069CA15 /* AppCoordinator.swift */,
				7D3FAC6A2B66A2080069CA15 /* Constants.swift */,
			);
			path = Base;
			sourceTree = "<group>";
		};
		7D3FAC612B669FF60069CA15 /* Resources */ = {
			isa = PBXGroup;
			children = (
				7D3FAC552B669FB10069CA15 /* Assets.xcassets */,
				7D3FAC572B669FB10069CA15 /* LaunchScreen.storyboard */,
			);
			path = Resources;
			sourceTree = "<group>";
		};
		7D3FAC622B66A0000069CA15 /* Modules */ = {
			isa = PBXGroup;
			children = (
				7D3FAC6F2B66A4CF0069CA15 /* Login */,
				7D3FAC852B66ABC50069CA15 /* Birthday */,
			);
			path = Modules;
			sourceTree = "<group>";
		};
		7D3FAC632B66A0050069CA15 /* Utility */ = {
			isa = PBXGroup;
			children = (
				7D3FAC762B66A60E0069CA15 /* Extensions */,
				7D3FAC6C2B66A3120069CA15 /* Protocols */,
			);
			path = Utility;
			sourceTree = "<group>";
		};
		7D3FAC642B66A00C0069CA15 /* Views */ = {
			isa = PBXGroup;
			children = (
				7D3FAC7C2B66A69A0069CA15 /* PicturePicker.swift */,
				7D3FAC832B66AA960069CA15 /* CameraView.swift */,
				7D3FAC942B66D3E30069CA15 /* CircleImageView.swift */,
			);
			path = Views;
			sourceTree = "<group>";
		};
		7D3FAC6C2B66A3120069CA15 /* Protocols */ = {
			isa = PBXGroup;
			children = (
				7D3FAC682B66A0FA0069CA15 /* Coordinator.swift */,
				7D3FAC662B66A0820069CA15 /* ViewModel.swift */,
			);
			path = Protocols;
			sourceTree = "<group>";
		};
		7D3FAC6F2B66A4CF0069CA15 /* Login */ = {
			isa = PBXGroup;
			children = (
				7D3FAC702B66A4DA0069CA15 /* LoginView.swift */,
				7D3FAC722B66A4E30069CA15 /* LoginViewModel.swift */,
				7D3FAC742B66A4EB0069CA15 /* LoginRouter.swift */,
			);
			path = Login;
			sourceTree = "<group>";
		};
		7D3FAC762B66A60E0069CA15 /* Extensions */ = {
			isa = PBXGroup;
			children = (
				7D3FAC772B66A6130069CA15 /* Foundation */,
			);
			path = Extensions;
			sourceTree = "<group>";
		};
		7D3FAC772B66A6130069CA15 /* Foundation */ = {
			isa = PBXGroup;
			children = (
				7D3FAC782B66A61F0069CA15 /* String+Extension.swift */,
				7D3FAC7A2B66A6370069CA15 /* Date+Extension.swift */,
				7D3FAC7E2B66A8560069CA15 /* UserDefaults+Extension.swift */,
			);
			path = Foundation;
			sourceTree = "<group>";
		};
		7D3FAC802B66A85F0069CA15 /* Model */ = {
			isa = PBXGroup;
			children = (
				7D3FAC812B66A8670069CA15 /* Baby.swift */,
			);
			path = Model;
			sourceTree = "<group>";
		};
		7D3FAC852B66ABC50069CA15 /* Birthday */ = {
			isa = PBXGroup;
			children = (
				7D3FAC8C2B66ACFF0069CA15 /* BirthdayViewController.swift */,
				7D3FAC8E2B66AD0B0069CA15 /* BirthdayViewController.storyboard */,
				7D3FAC862B66ABE60069CA15 /* BirthdayViewModel.swift */,
				7D3FAC882B66AC0E0069CA15 /* BirthdayRouter.swift */,
				7D3FAC902B66AF000069CA15 /* BirthdayFactory.swift */,
				7D3FAC8A2B66ACE00069CA15 /* BirthdayTheme.swift */,
			);
			path = Birthday;
			sourceTree = "<group>";
		};
/* End PBXGroup section */

/* Begin PBXNativeTarget section */
		7D3FAC482B669FAF0069CA15 /* BirthdayAssignment */ = {
			isa = PBXNativeTarget;
			buildConfigurationList = 7D3FAC5D2B669FB10069CA15 /* Build configuration list for PBXNativeTarget "BirthdayAssignment" */;
			buildPhases = (
				7D3FAC452B669FAF0069CA15 /* Sources */,
				7D3FAC462B669FAF0069CA15 /* Frameworks */,
				7D3FAC472B669FAF0069CA15 /* Resources */,
			);
			buildRules = (
			);
			dependencies = (
			);
			name = BirthdayAssignment;
			productName = BirthdayAssignment;
			productReference = 7D3FAC492B669FAF0069CA15 /* BirthdayAssignment.app */;
			productType = "com.apple.product-type.application";
		};
/* End PBXNativeTarget section */

/* Begin PBXProject section */
		7D3FAC412B669FAF0069CA15 /* Project object */ = {
			isa = PBXProject;
			attributes = {
				BuildIndependentTargetsInParallel = 1;
				LastSwiftUpdateCheck = 1500;
				LastUpgradeCheck = 1500;
				TargetAttributes = {
					7D3FAC482B669FAF0069CA15 = {
						CreatedOnToolsVersion = 15.0;
					};
				};
			};
			buildConfigurationList = 7D3FAC442B669FAF0069CA15 /* Build configuration list for PBXProject "BirthdayAssignment" */;
			compatibilityVersion = "Xcode 14.0";
			developmentRegion = en;
			hasScannedForEncodings = 0;
			knownRegions = (
				en,
				Base,
			);
			mainGroup = 7D3FAC402B669FAF0069CA15;
			productRefGroup = 7D3FAC4A2B669FAF0069CA15 /* Products */;
			projectDirPath = "";
			projectRoot = "";
			targets = (
				7D3FAC482B669FAF0069CA15 /* BirthdayAssignment */,
			);
		};
/* End PBXProject section */

/* Begin PBXResourcesBuildPhase section */
		7D3FAC472B669FAF0069CA15 /* Resources */ = {
			isa = PBXResourcesBuildPhase;
			buildActionMask = 2147483647;
			files = (
				7D3FAC592B669FB10069CA15 /* LaunchScreen.storyboard in Resources */,
				7D3FAC562B669FB10069CA15 /* Assets.xcassets in Resources */,
				7D3FAC8F2B66AD0B0069CA15 /* BirthdayViewController.storyboard in Resources */,
			);
			runOnlyForDeploymentPostprocessing = 0;
		};
/* End PBXResourcesBuildPhase section */

/* Begin PBXSourcesBuildPhase section */
		7D3FAC452B669FAF0069CA15 /* Sources */ = {
			isa = PBXSourcesBuildPhase;
			buildActionMask = 2147483647;
			files = (
				7D3FAC6E2B66A32B0069CA15 /* AppCoordinator.swift in Sources */,
				7D3FAC7B2B66A6370069CA15 /* Date+Extension.swift in Sources */,
				7D3FAC712B66A4DA0069CA15 /* LoginView.swift in Sources */,
				7D3FAC842B66AA960069CA15 /* CameraView.swift in Sources */,
				7D3FAC6B2B66A2080069CA15 /* Constants.swift in Sources */,
				7D3FAC872B66ABE60069CA15 /* BirthdayViewModel.swift in Sources */,
				7D3FAC692B66A0FA0069CA15 /* Coordinator.swift in Sources */,
				7D3FAC732B66A4E30069CA15 /* LoginViewModel.swift in Sources */,
				7D3FAC8D2B66ACFF0069CA15 /* BirthdayViewController.swift in Sources */,
				7D3FAC752B66A4EB0069CA15 /* LoginRouter.swift in Sources */,
				7D3FAC4D2B669FAF0069CA15 /* AppDelegate.swift in Sources */,
				7D3FAC912B66AF000069CA15 /* BirthdayFactory.swift in Sources */,
				7D3FAC7D2B66A69A0069CA15 /* PicturePicker.swift in Sources */,
				7D3FAC7F2B66A8560069CA15 /* UserDefaults+Extension.swift in Sources */,
				7D3FAC672B66A0820069CA15 /* ViewModel.swift in Sources */,
				7D3FAC792B66A61F0069CA15 /* String+Extension.swift in Sources */,
				7D3FAC952B66D3E30069CA15 /* CircleImageView.swift in Sources */,
				7D3FAC4F2B669FAF0069CA15 /* SceneDelegate.swift in Sources */,
				7D3FAC822B66A8670069CA15 /* Baby.swift in Sources */,
				7D3FAC8B2B66ACE00069CA15 /* BirthdayTheme.swift in Sources */,
				7D3FAC892B66AC0E0069CA15 /* BirthdayRouter.swift in Sources */,
			);
			runOnlyForDeploymentPostprocessing = 0;
		};
/* End PBXSourcesBuildPhase section */

/* Begin PBXVariantGroup section */
		7D3FAC572B669FB10069CA15 /* LaunchScreen.storyboard */ = {
			isa = PBXVariantGroup;
			children = (
				7D3FAC582B669FB10069CA15 /* Base */,
			);
			name = LaunchScreen.storyboard;
			sourceTree = "<group>";
		};
/* End PBXVariantGroup section */

/* Begin XCBuildConfiguration section */
		7D3FAC5B2B669FB10069CA15 /* Debug */ = {
			isa = XCBuildConfiguration;
			buildSettings = {
				ALWAYS_SEARCH_USER_PATHS = NO;
				ASSETCATALOG_COMPILER_GENERATE_SWIFT_ASSET_SYMBOL_EXTENSIONS = YES;
				CLANG_ANALYZER_NONNULL = YES;
				CLANG_ANALYZER_NUMBER_OBJECT_CONVERSION = YES_AGGRESSIVE;
				CLANG_CXX_LANGUAGE_STANDARD = "gnu++20";
				CLANG_ENABLE_MODULES = YES;
				CLANG_ENABLE_OBJC_ARC = YES;
				CLANG_ENABLE_OBJC_WEAK = YES;
				CLANG_WARN_BLOCK_CAPTURE_AUTORELEASING = YES;
				CLANG_WARN_BOOL_CONVERSION = YES;
				CLANG_WARN_COMMA = YES;
				CLANG_WARN_CONSTANT_CONVERSION = YES;
				CLANG_WARN_DEPRECATED_OBJC_IMPLEMENTATIONS = YES;
				CLANG_WARN_DIRECT_OBJC_ISA_USAGE = YES_ERROR;
				CLANG_WARN_DOCUMENTATION_COMMENTS = YES;
				CLANG_WARN_EMPTY_BODY = YES;
				CLANG_WARN_ENUM_CONVERSION = YES;
				CLANG_WARN_INFINITE_RECURSION = YES;
				CLANG_WARN_INT_CONVERSION = YES;
				CLANG_WARN_NON_LITERAL_NULL_CONVERSION = YES;
				CLANG_WARN_OBJC_IMPLICIT_RETAIN_SELF = YES;
				CLANG_WARN_OBJC_LITERAL_CONVERSION = YES;
				CLANG_WARN_OBJC_ROOT_CLASS = YES_ERROR;
				CLANG_WARN_QUOTED_INCLUDE_IN_FRAMEWORK_HEADER = YES;
				CLANG_WARN_RANGE_LOOP_ANALYSIS = YES;
				CLANG_WARN_STRICT_PROTOTYPES = YES;
				CLANG_WARN_SUSPICIOUS_MOVE = YES;
				CLANG_WARN_UNGUARDED_AVAILABILITY = YES_AGGRESSIVE;
				CLANG_WARN_UNREACHABLE_CODE = YES;
				CLANG_WARN__DUPLICATE_METHOD_MATCH = YES;
				COPY_PHASE_STRIP = NO;
				DEBUG_INFORMATION_FORMAT = dwarf;
				ENABLE_STRICT_OBJC_MSGSEND = YES;
				ENABLE_TESTABILITY = YES;
				ENABLE_USER_SCRIPT_SANDBOXING = YES;
				GCC_C_LANGUAGE_STANDARD = gnu17;
				GCC_DYNAMIC_NO_PIC = NO;
				GCC_NO_COMMON_BLOCKS = YES;
				GCC_OPTIMIZATION_LEVEL = 0;
				GCC_PREPROCESSOR_DEFINITIONS = (
					"DEBUG=1",
					"$(inherited)",
				);
				GCC_WARN_64_TO_32_BIT_CONVERSION = YES;
				GCC_WARN_ABOUT_RETURN_TYPE = YES_ERROR;
				GCC_WARN_UNDECLARED_SELECTOR = YES;
				GCC_WARN_UNINITIALIZED_AUTOS = YES_AGGRESSIVE;
				GCC_WARN_UNUSED_FUNCTION = YES;
				GCC_WARN_UNUSED_VARIABLE = YES;
				IPHONEOS_DEPLOYMENT_TARGET = 17.0;
				LOCALIZATION_PREFERS_STRING_CATALOGS = YES;
				MTL_ENABLE_DEBUG_INFO = INCLUDE_SOURCE;
				MTL_FAST_MATH = YES;
				ONLY_ACTIVE_ARCH = YES;
				SDKROOT = iphoneos;
				SWIFT_ACTIVE_COMPILATION_CONDITIONS = "DEBUG $(inherited)";
				SWIFT_OPTIMIZATION_LEVEL = "-Onone";
			};
			name = Debug;
		};
		7D3FAC5C2B669FB10069CA15 /* Release */ = {
			isa = XCBuildConfiguration;
			buildSettings = {
				ALWAYS_SEARCH_USER_PATHS = NO;
				ASSETCATALOG_COMPILER_GENERATE_SWIFT_ASSET_SYMBOL_EXTENSIONS = YES;
				CLANG_ANALYZER_NONNULL = YES;
				CLANG_ANALYZER_NUMBER_OBJECT_CONVERSION = YES_AGGRESSIVE;
				CLANG_CXX_LANGUAGE_STANDARD = "gnu++20";
				CLANG_ENABLE_MODULES = YES;
				CLANG_ENABLE_OBJC_ARC = YES;
				CLANG_ENABLE_OBJC_WEAK = YES;
				CLANG_WARN_BLOCK_CAPTURE_AUTORELEASING = YES;
				CLANG_WARN_BOOL_CONVERSION = YES;
				CLANG_WARN_COMMA = YES;
				CLANG_WARN_CONSTANT_CONVERSION = YES;
				CLANG_WARN_DEPRECATED_OBJC_IMPLEMENTATIONS = YES;
				CLANG_WARN_DIRECT_OBJC_ISA_USAGE = YES_ERROR;
				CLANG_WARN_DOCUMENTATION_COMMENTS = YES;
				CLANG_WARN_EMPTY_BODY = YES;
				CLANG_WARN_ENUM_CONVERSION = YES;
				CLANG_WARN_INFINITE_RECURSION = YES;
				CLANG_WARN_INT_CONVERSION = YES;
				CLANG_WARN_NON_LITERAL_NULL_CONVERSION = YES;
				CLANG_WARN_OBJC_IMPLICIT_RETAIN_SELF = YES;
				CLANG_WARN_OBJC_LITERAL_CONVERSION = YES;
				CLANG_WARN_OBJC_ROOT_CLASS = YES_ERROR;
				CLANG_WARN_QUOTED_INCLUDE_IN_FRAMEWORK_HEADER = YES;
				CLANG_WARN_RANGE_LOOP_ANALYSIS = YES;
				CLANG_WARN_STRICT_PROTOTYPES = YES;
				CLANG_WARN_SUSPICIOUS_MOVE = YES;
				CLANG_WARN_UNGUARDED_AVAILABILITY = YES_AGGRESSIVE;
				CLANG_WARN_UNREACHABLE_CODE = YES;
				CLANG_WARN__DUPLICATE_METHOD_MATCH = YES;
				COPY_PHASE_STRIP = NO;
				DEBUG_INFORMATION_FORMAT = "dwarf-with-dsym";
				ENABLE_NS_ASSERTIONS = NO;
				ENABLE_STRICT_OBJC_MSGSEND = YES;
				ENABLE_USER_SCRIPT_SANDBOXING = YES;
				GCC_C_LANGUAGE_STANDARD = gnu17;
				GCC_NO_COMMON_BLOCKS = YES;
				GCC_WARN_64_TO_32_BIT_CONVERSION = YES;
				GCC_WARN_ABOUT_RETURN_TYPE = YES_ERROR;
				GCC_WARN_UNDECLARED_SELECTOR = YES;
				GCC_WARN_UNINITIALIZED_AUTOS = YES_AGGRESSIVE;
				GCC_WARN_UNUSED_FUNCTION = YES;
				GCC_WARN_UNUSED_VARIABLE = YES;
				IPHONEOS_DEPLOYMENT_TARGET = 17.0;
				LOCALIZATION_PREFERS_STRING_CATALOGS = YES;
				MTL_ENABLE_DEBUG_INFO = NO;
				MTL_FAST_MATH = YES;
				SDKROOT = iphoneos;
				SWIFT_COMPILATION_MODE = wholemodule;
				VALIDATE_PRODUCT = YES;
			};
			name = Release;
		};
		7D3FAC5E2B669FB10069CA15 /* Debug */ = {
			isa = XCBuildConfiguration;
			buildSettings = {
				ASSETCATALOG_COMPILER_APPICON_NAME = AppIcon;
				ASSETCATALOG_COMPILER_GLOBAL_ACCENT_COLOR_NAME = AccentColor;
				CODE_SIGN_STYLE = Automatic;
				CURRENT_PROJECT_VERSION = 1;
				DEVELOPMENT_TEAM = 765F9357QN;
				GENERATE_INFOPLIST_FILE = YES;
				INFOPLIST_FILE = BirthdayAssignment/Base/Info.plist;
				INFOPLIST_KEY_NSCameraUsageDescription = "In order to take a photo";
				INFOPLIST_KEY_NSPhotoLibraryUsageDescription = "In order to pick a photo";
				INFOPLIST_KEY_UIApplicationSupportsIndirectInputEvents = YES;
				INFOPLIST_KEY_UILaunchStoryboardName = LaunchScreen;
				INFOPLIST_KEY_UISupportedInterfaceOrientations_iPad = "UIInterfaceOrientationPortrait UIInterfaceOrientationPortraitUpsideDown UIInterfaceOrientationLandscapeLeft UIInterfaceOrientationLandscapeRight";
				INFOPLIST_KEY_UISupportedInterfaceOrientations_iPhone = "UIInterfaceOrientationPortrait UIInterfaceOrientationLandscapeLeft UIInterfaceOrientationLandscapeRight";
				LD_RUNPATH_SEARCH_PATHS = (
					"$(inherited)",
					"@executable_path/Frameworks",
				);
				MARKETING_VERSION = 1.0;
				PRODUCT_BUNDLE_IDENTIFIER = com.tt.BirthdayAssignment;
				PRODUCT_NAME = "$(TARGET_NAME)";
				SWIFT_EMIT_LOC_STRINGS = YES;
				SWIFT_VERSION = 5.0;
				TARGETED_DEVICE_FAMILY = "1,2";
			};
			name = Debug;
		};
		7D3FAC5F2B669FB10069CA15 /* Release */ = {
			isa = XCBuildConfiguration;
			buildSettings = {
				ASSETCATALOG_COMPILER_APPICON_NAME = AppIcon;
				ASSETCATALOG_COMPILER_GLOBAL_ACCENT_COLOR_NAME = AccentColor;
				CODE_SIGN_STYLE = Automatic;
				CURRENT_PROJECT_VERSION = 1;
				DEVELOPMENT_TEAM = 765F9357QN;
				GENERATE_INFOPLIST_FILE = YES;
				INFOPLIST_FILE = BirthdayAssignment/Base/Info.plist;
				INFOPLIST_KEY_NSCameraUsageDescription = "In order to take a photo";
				INFOPLIST_KEY_NSPhotoLibraryUsageDescription = "In order to pick a photo";
				INFOPLIST_KEY_UIApplicationSupportsIndirectInputEvents = YES;
				INFOPLIST_KEY_UILaunchStoryboardName = LaunchScreen;
				INFOPLIST_KEY_UISupportedInterfaceOrientations_iPad = "UIInterfaceOrientationPortrait UIInterfaceOrientationPortraitUpsideDown UIInterfaceOrientationLandscapeLeft UIInterfaceOrientationLandscapeRight";
				INFOPLIST_KEY_UISupportedInterfaceOrientations_iPhone = "UIInterfaceOrientationPortrait UIInterfaceOrientationLandscapeLeft UIInterfaceOrientationLandscapeRight";
				LD_RUNPATH_SEARCH_PATHS = (
					"$(inherited)",
					"@executable_path/Frameworks",
				);
				MARKETING_VERSION = 1.0;
				PRODUCT_BUNDLE_IDENTIFIER = com.tt.BirthdayAssignment;
				PRODUCT_NAME = "$(TARGET_NAME)";
				SWIFT_EMIT_LOC_STRINGS = YES;
				SWIFT_VERSION = 5.0;
				TARGETED_DEVICE_FAMILY = "1,2";
			};
			name = Release;
		};
/* End XCBuildConfiguration section */

/* Begin XCConfigurationList section */
		7D3FAC442B669FAF0069CA15 /* Build configuration list for PBXProject "BirthdayAssignment" */ = {
			isa = XCConfigurationList;
			buildConfigurations = (
				7D3FAC5B2B669FB10069CA15 /* Debug */,
				7D3FAC5C2B669FB10069CA15 /* Release */,
			);
			defaultConfigurationIsVisible = 0;
			defaultConfigurationName = Release;
		};
		7D3FAC5D2B669FB10069CA15 /* Build configuration list for PBXNativeTarget "BirthdayAssignment" */ = {
			isa = XCConfigurationList;
			buildConfigurations = (
				7D3FAC5E2B669FB10069CA15 /* Debug */,
				7D3FAC5F2B669FB10069CA15 /* Release */,
			);
			defaultConfigurationIsVisible = 0;
			defaultConfigurationName = Release;
		};
/* End XCConfigurationList section */
	};
	rootObject = 7D3FAC412B669FAF0069CA15 /* Project object */;
}
